
Microsoft Visual Studio Solution File, Format Version 12.00
# Visual Studio 15
VisualStudioVersion = 15.0.27428.2015
MinimumVisualStudioVersion = 10.0.40219.1
Project("{FAE04EC0-301F-11D3-BF4B-00C04F79EFBC}") = "SampleMVCApp.Api", "SampleMVCApp.Api\SampleMVCApp.Api.csproj", "{4EC08996-48BD-4E95-8C54-1D2A845C5C62}"
EndProject
Project("{FAE04EC0-301F-11D3-BF4B-00C04F79EFBC}") = "SampleMVCApp.Tests", "SampleMVCApp.Tests\SampleMVCApp.Tests.csproj", "{07E8DE9D-8AF2-4FA4-B971-E14ED8118AFD}"
EndProject
Global
	GlobalSection(SolutionConfigurationPlatforms) = preSolution
		Debug|Any CPU = Debug|Any CPU
		Release|Any CPU = Release|Any CPU
	EndGlobalSection
	GlobalSection(ProjectConfigurationPlatforms) = postSolution
		{4EC08996-48BD-4E95-8C54-1D2A845C5C62}.Debug|Any CPU.ActiveCfg = Debug|Any CPU
		{4EC08996-48BD-4E95-8C54-1D2A845C5C62}.Debug|Any CPU.Build.0 = Debug|Any CPU
		{4EC08996-48BD-4E95-8C54-1D2A845C5C62}.Release|Any CPU.ActiveCfg = Release|Any CPU
		{4EC08996-48BD-4E95-8C54-1D2A845C5C62}.Release|Any CPU.Build.0 = Release|Any CPU
		{07E8DE9D-8AF2-4FA4-B971-E14ED8118AFD}.Debug|Any CPU.ActiveCfg = Debug|Any CPU
		{07E8DE9D-8AF2-4FA4-B971-E14ED8118AFD}.Debug|Any CPU.Build.0 = Debug|Any CPU
		{07E8DE9D-8AF2-4FA4-B971-E14ED8118AFD}.Release|Any CPU.ActiveCfg = Release|Any CPU
		{07E8DE9D-8AF2-4FA4-B971-E14ED8118AFD}.Release|Any CPU.Build.0 = Release|Any CPU
	EndGlobalSection
	GlobalSection(SolutionProperties) = preSolution
		HideSolutionNode = FALSE
	EndGlobalSection
	GlobalSection(ExtensibilityGlobals) = postSolution
		SolutionGuid = {7B49A9B9-092C-4009-B9C8-EF53926940DD}
	EndGlobalSection
EndGlobal
